
Microsoft Visual Studio Solution File, Format Version 12.00
# Visual Studio Version 17
VisualStudioVersion = 17.0.31717.71
MinimumVisualStudioVersion = 10.0.40219.1
Project("{2150E333-8FDC-42A3-9474-1A3956D46DE8}") = "src", "src", "{D86A8757-7BEC-46EE-A410-AA1984E17DC4}"
EndProject
Project("{9A19103F-16F7-4668-BE54-9A1E7A4F7556}") = "Api", "src\Api\Api.csproj", "{B8A44E03-E4AE-413A-93BB-C23633CA35D4}"
EndProject
Project("{9A19103F-16F7-4668-BE54-9A1E7A4F7556}") = "Client", "src\Client\Client.csproj", "{917B9F38-7E6A-4C7B-B753-57CB690D3A31}"
EndProject
Global
	GlobalSection(SolutionConfigurationPlatforms) = preSolution
		Debug|Any CPU = Debug|Any CPU
		Release|Any CPU = Release|Any CPU
	EndGlobalSection
	GlobalSection(ProjectConfigurationPlatforms) = postSolution
		{B8A44E03-E4AE-413A-93BB-C23633CA35D4}.Debug|Any CPU.ActiveCfg = Debug|Any CPU
		{B8A44E03-E4AE-413A-93BB-C23633CA35D4}.Debug|Any CPU.Build.0 = Debug|Any CPU
		{B8A44E03-E4AE-413A-93BB-C23633CA35D4}.Release|Any CPU.ActiveCfg = Release|Any CPU
		{B8A44E03-E4AE-413A-93BB-C23633CA35D4}.Release|Any CPU.Build.0 = Release|Any CPU
		{917B9F38-7E6A-4C7B-B753-57CB690D3A31}.Debug|Any CPU.ActiveCfg = Debug|Any CPU
		{917B9F38-7E6A-4C7B-B753-57CB690D3A31}.Debug|Any CPU.Build.0 = Debug|Any CPU
		{917B9F38-7E6A-4C7B-B753-57CB690D3A31}.Release|Any CPU.ActiveCfg = Release|Any CPU
		{917B9F38-7E6A-4C7B-B753-57CB690D3A31}.Release|Any CPU.Build.0 = Release|Any CPU
	EndGlobalSection
	GlobalSection(SolutionProperties) = preSolution
		HideSolutionNode = FALSE
	EndGlobalSection
	GlobalSection(NestedProjects) = preSolution
		{B8A44E03-E4AE-413A-93BB-C23633CA35D4} = {D86A8757-7BEC-46EE-A410-AA1984E17DC4}
		{917B9F38-7E6A-4C7B-B753-57CB690D3A31} = {D86A8757-7BEC-46EE-A410-AA1984E17DC4}
	EndGlobalSection
	GlobalSection(ExtensibilityGlobals) = postSolution
		SolutionGuid = {B5076B23-886A-4B41-BDBE-890BAD669AAF}
	EndGlobalSection
EndGlobal
